
Microsoft Visual Studio Solution File, Format Version 12.00
# Visual Studio Version 16
VisualStudioVersion = 16.0.29609.76
MinimumVisualStudioVersion = 10.0.40219.1
Project("{FAE04EC0-301F-11D3-BF4B-00C04F79EFBC}") = "Deliverable 2", "Deliverable 2\Deliverable 2.csproj", "{3A3D9B94-21FC-451D-B27E-6EF455F55641}"
EndProject
Global
	GlobalSection(SolutionConfigurationPlatforms) = preSolution
		Debug|Any CPU = Debug|Any CPU
		Release|Any CPU = Release|Any CPU
	EndGlobalSection
	GlobalSection(ProjectConfigurationPlatforms) = postSolution
		{3A3D9B94-21FC-451D-B27E-6EF455F55641}.Debug|Any CPU.ActiveCfg = Debug|Any CPU
		{3A3D9B94-21FC-451D-B27E-6EF455F55641}.Debug|Any CPU.Build.0 = Debug|Any CPU
		{3A3D9B94-21FC-451D-B27E-6EF455F55641}.Release|Any CPU.ActiveCfg = Release|Any CPU
		{3A3D9B94-21FC-451D-B27E-6EF455F55641}.Release|Any CPU.Build.0 = Release|Any CPU
	EndGlobalSection
	GlobalSection(SolutionProperties) = preSolution
		HideSolutionNode = FALSE
	EndGlobalSection
	GlobalSection(ExtensibilityGlobals) = postSolution
		SolutionGuid = {6677DB4C-818A-469D-B2CE-7D40B546F035}
	EndGlobalSection
EndGlobal
